
Microsoft Visual Studio Solution File, Format Version 12.00
# Visual Studio 15
VisualStudioVersion = 15.0.28307.106
MinimumVisualStudioVersion = 10.0.40219.1
Project("{9A19103F-16F7-4668-BE54-9A1E7A4F7556}") = "SheepIt.Api.Tests", "SheepIt.Api.Tests\SheepIt.Api.Tests.csproj", "{B7966041-DE86-4BD1-B2F9-9048094E3FFA}"
EndProject
Project("{FAE04EC0-301F-11D3-BF4B-00C04F79EFBC}") = "SheepIt.Api", "SheepIt.Api\SheepIt.Api.csproj", "{7FBBD966-7C99-4698-BF19-B4280C91E659}"
EndProject
Project("{2150E333-8FDC-42A3-9474-1A3956D46DE8}") = "meta", "meta", "{1BE21A55-197A-4645-A9D1-F886B3BEC449}"
ProjectSection(SolutionItems) = preProject
	readme.md = readme.md
EndProjectSection
EndProject
Project("{2150E333-8FDC-42A3-9474-1A3956D46DE8}") = "tests", "tests", "{B2348789-3031-40AB-BE3C-04F57ADF9475}"
EndProject
Project("{2150E333-8FDC-42A3-9474-1A3956D46DE8}") = "env", "env", "{39C45C75-D28B-46C5-A391-3F9944EF35A0}"
ProjectSection(SolutionItems) = preProject
	..\env\docker-compose.yml = ..\env\docker-compose.yml
EndProjectSection
EndProject
Project("{2150E333-8FDC-42A3-9474-1A3956D46DE8}") = "build", "build", "{0E1F41CD-7899-44FC-AFAE-FE37EA16DE38}"
ProjectSection(SolutionItems) = preProject
	Dockerfile = Dockerfile
EndProjectSection
EndProject
Global
	GlobalSection(SolutionConfigurationPlatforms) = preSolution
		Debug|Any CPU = Debug|Any CPU
		Release|Any CPU = Release|Any CPU
	EndGlobalSection
	GlobalSection(ProjectConfigurationPlatforms) = postSolution
		{B7966041-DE86-4BD1-B2F9-9048094E3FFA}.Debug|Any CPU.ActiveCfg = Debug|Any CPU
		{B7966041-DE86-4BD1-B2F9-9048094E3FFA}.Debug|Any CPU.Build.0 = Debug|Any CPU
		{B7966041-DE86-4BD1-B2F9-9048094E3FFA}.Release|Any CPU.ActiveCfg = Release|Any CPU
		{B7966041-DE86-4BD1-B2F9-9048094E3FFA}.Release|Any CPU.Build.0 = Release|Any CPU
		{7FBBD966-7C99-4698-BF19-B4280C91E659}.Debug|Any CPU.ActiveCfg = Debug|Any CPU
		{7FBBD966-7C99-4698-BF19-B4280C91E659}.Debug|Any CPU.Build.0 = Debug|Any CPU
		{7FBBD966-7C99-4698-BF19-B4280C91E659}.Release|Any CPU.ActiveCfg = Release|Any CPU
		{7FBBD966-7C99-4698-BF19-B4280C91E659}.Release|Any CPU.Build.0 = Release|Any CPU
	EndGlobalSection
	GlobalSection(SolutionProperties) = preSolution
		HideSolutionNode = FALSE
	EndGlobalSection
	GlobalSection(ExtensibilityGlobals) = postSolution
		SolutionGuid = {7EFECDF9-68F2-4128-8863-F853EA218451}
	EndGlobalSection
	GlobalSection(NestedProjects) = preSolution
		{B7966041-DE86-4BD1-B2F9-9048094E3FFA} = {B2348789-3031-40AB-BE3C-04F57ADF9475}
	EndGlobalSection
EndGlobal
